
Microsoft Visual Studio Solution File, Format Version 12.00
# Visual Studio Version 17
VisualStudioVersion = 17.2.32616.157
MinimumVisualStudioVersion = 10.0.40219.1
Project("{9A19103F-16F7-4668-BE54-9A1E7A4F7556}") = "LapGenerator", "LapGenerator.csproj", "{010578DB-CAC3-491C-BC97-DCDEE731DAF5}"
EndProject
Project("{9A19103F-16F7-4668-BE54-9A1E7A4F7556}") = "LapAPI", "..\LapAPI\LapAPI.csproj", "{370E4276-AEBA-4C6C-94CA-27EA3D42874C}"
EndProject
Project("{FAE04EC0-301F-11D3-BF4B-00C04F79EFBC}") = "Lap.Data", "..\Lap.Data\Lap.Data.csproj", "{4002CB50-DCD6-4796-BD3F-27254EF38316}"
EndProject
Global
	GlobalSection(SolutionConfigurationPlatforms) = preSolution
		Debug|Any CPU = Debug|Any CPU
		Release|Any CPU = Release|Any CPU
	EndGlobalSection
	GlobalSection(ProjectConfigurationPlatforms) = postSolution
		{010578DB-CAC3-491C-BC97-DCDEE731DAF5}.Debug|Any CPU.ActiveCfg = Debug|Any CPU
		{010578DB-CAC3-491C-BC97-DCDEE731DAF5}.Debug|Any CPU.Build.0 = Debug|Any CPU
		{010578DB-CAC3-491C-BC97-DCDEE731DAF5}.Release|Any CPU.ActiveCfg = Release|Any CPU
		{010578DB-CAC3-491C-BC97-DCDEE731DAF5}.Release|Any CPU.Build.0 = Release|Any CPU
		{370E4276-AEBA-4C6C-94CA-27EA3D42874C}.Debug|Any CPU.ActiveCfg = Debug|Any CPU
		{370E4276-AEBA-4C6C-94CA-27EA3D42874C}.Debug|Any CPU.Build.0 = Debug|Any CPU
		{370E4276-AEBA-4C6C-94CA-27EA3D42874C}.Release|Any CPU.ActiveCfg = Release|Any CPU
		{370E4276-AEBA-4C6C-94CA-27EA3D42874C}.Release|Any CPU.Build.0 = Release|Any CPU
		{4002CB50-DCD6-4796-BD3F-27254EF38316}.Debug|Any CPU.ActiveCfg = Debug|Any CPU
		{4002CB50-DCD6-4796-BD3F-27254EF38316}.Debug|Any CPU.Build.0 = Debug|Any CPU
		{4002CB50-DCD6-4796-BD3F-27254EF38316}.Release|Any CPU.ActiveCfg = Release|Any CPU
		{4002CB50-DCD6-4796-BD3F-27254EF38316}.Release|Any CPU.Build.0 = Release|Any CPU
	EndGlobalSection
	GlobalSection(SolutionProperties) = preSolution
		HideSolutionNode = FALSE
	EndGlobalSection
	GlobalSection(ExtensibilityGlobals) = postSolution
		SolutionGuid = {911522B3-D73A-4BE1-BC90-5CFE871E2D8E}
	EndGlobalSection
EndGlobal
